lockfileVersion: '9.0'

settings:
  autoInstallPeers: true
  excludeLinksFromLockfile: false

importers:

  .: {}

  tauri-plugin-hardware:
    dependencies:
      '@tauri-apps/api':
        specifier: '>=2.0.0-beta.6'
        version: 2.10.1
    devDependencies:
      '@rollup/plugin-typescript':
        specifier: ^12.0.0
        version: 12.3.0(rollup@4.59.0)(tslib@2.8.1)(typescript@5.9.3)
      rollup:
        specifier: ^4.9.6
        version: 4.59.0
      tslib:
        specifier: ^2.6.2
        version: 2.8.1
      typescript:
        specifier: ^5.3.3
        version: 5.9.3

  tauri-plugin-llamacpp:
    dependencies:
      '@tauri-apps/api':
        specifier: '>=2.0.0-beta.6'
        version: 2.10.1
    devDependencies:
      '@rollup/plugin-typescript':
        specifier: ^12.0.0
        version: 12.3.0(rollup@4.59.0)(tslib@2.8.1)(typescript@5.9.3)
      rollup:
        specifier: ^4.9.6
        version: 4.59.0
      tslib:
        specifier: ^2.6.2
        version: 2.8.1
      typescript:
        specifier: ^5.3.3
        version: 5.9.3

  tauri-plugin-mlx:
    dependencies:
      '@tauri-apps/api':
        specifier: '>=2.0.0-beta.6'
        version: 2.10.1
    devDependencies:
      '@rollup/plugin-typescript':
        specifier: ^12.0.0
        version: 12.3.0(rollup@4.59.0)(tslib@2.8.1)(typescript@5.9.3)
      rollup:
        specifier: ^4.9.6
        version: 4.59.0
      tslib:
        specifier: ^2.6.2
        version: 2.8.1
      typescript:
        specifier: ^5.3.3
        version: 5.9.3

  tauri-plugin-rag:
    dependencies:
      '@tauri-apps/api':
        specifier: '>=2.0.0-beta.6'
        version: 2.10.1
    devDependencies:
      '@rollup/plugin-typescript':
        specifier: ^12.0.0
        version: 12.3.0(rollup@4.59.0)(tslib@2.8.1)(typescript@5.9.3)
      rollup:
        specifier: ^4.9.6
        version: 4.59.0
      tslib:
        specifier: ^2.6.2
        version: 2.8.1
      typescript:
        specifier: ^5.3.3
        version: 5.9.3

  tauri-plugin-vector-db:
    dependencies:
      '@tauri-apps/api':
        specifier: '>=2.0.0-beta.6'
        version: 2.10.1
    devDependencies:
      '@rollup/plugin-typescript':
        specifier: ^12.0.0
        version: 12.3.0(rollup@4.59.0)(tslib@2.8.1)(typescript@5.9.3)
      rollup:
        specifier: ^4.9.6
        version: 4.59.0
      tslib:
        specifier: ^2.6.2
        version: 2.8.1
      typescript:
        specifier: ^5.3.3
        version: 5.9.3

packages:

  '@rollup/plugin-typescript@12.3.0':
    resolution: {integrity: sha512-7DP0/p7y3t67+NabT9f8oTBFE6gGkto4SA6Np2oudYmZE/m1dt8RB0SjL1msMxFpLo631qjRCcBlAbq1ml/Big==}
    engines: {node: '>=14.0.0'}
    peerDependencies:
      rollup: ^2.14.0||^3.0.0||^4.0.0
      tslib: '*'
      typescript: '>=3.7.0'
    peerDependenciesMeta:
      rollup:
        optional: true
      tslib:
        optional: true

  '@rollup/pluginutils@5.3.0':
    resolution: {integrity: sha512-5EdhGZtnu3V88ces7s53hhfK5KSASnJZv8Lulpc04cWO3REESroJXg73DFsOmgbU2BhwV0E20bu2IDZb3VKW4Q==}
    engines: {node: '>=14.0.0'}
    peerDependencies:
      rollup: ^1.20.0||^2.0.0||^3.0.0||^4.0.0
    peerDependenciesMeta:
      rollup:
        optional: true

  '@rollup/rollup-android-arm-eabi@4.59.0':
    resolution: {integrity: sha512-upnNBkA6ZH2VKGcBj9Fyl9IGNPULcjXRlg0LLeaioQWueH30p6IXtJEbKAgvyv+mJaMxSm1l6xwDXYjpEMiLMg==}
    cpu: [arm]
    os: [android]

  '@rollup/rollup-android-arm64@4.59.0':
    resolution: {integrity: sha512-hZ+Zxj3SySm4A/DylsDKZAeVg0mvi++0PYVceVyX7hemkw7OreKdCvW2oQ3T1FMZvCaQXqOTHb8qmBShoqk69Q==}
    cpu: [arm64]
    os: [android]

  '@rollup/rollup-darwin-arm64@4.59.0':
    resolution: {integrity: sha512-W2Psnbh1J8ZJw0xKAd8zdNgF9HRLkdWwwdWqubSVk0pUuQkoHnv7rx4GiF9rT4t5DIZGAsConRE3AxCdJ4m8rg==}
    cpu: [arm64]
    os: [darwin]

  '@rollup/rollup-darwin-x64@4.59.0':
    resolution: {integrity: sha512-ZW2KkwlS4lwTv7ZVsYDiARfFCnSGhzYPdiOU4IM2fDbL+QGlyAbjgSFuqNRbSthybLbIJ915UtZBtmuLrQAT/w==}
    cpu: [x64]
    os: [darwin]

  '@rollup/rollup-freebsd-arm64@4.59.0':
    resolution: {integrity: sha512-EsKaJ5ytAu9jI3lonzn3BgG8iRBjV4LxZexygcQbpiU0wU0ATxhNVEpXKfUa0pS05gTcSDMKpn3Sx+QB9RlTTA==}
    cpu: [arm64]
    os: [freebsd]

  '@rollup/rollup-freebsd-x64@4.59.0':
    resolution: {integrity: sha512-d3DuZi2KzTMjImrxoHIAODUZYoUUMsuUiY4SRRcJy6NJoZ6iIqWnJu9IScV9jXysyGMVuW+KNzZvBLOcpdl3Vg==}
    cpu: [x64]
    os: [freebsd]

  '@rollup/rollup-linux-arm-gnueabihf@4.59.0':
    resolution: {integrity: sha512-t4ONHboXi/3E0rT6OZl1pKbl2Vgxf9vJfWgmUoCEVQVxhW6Cw/c8I6hbbu7DAvgp82RKiH7TpLwxnJeKv2pbsw==}
    cpu: [arm]
    os: [linux]
    libc: [glibc]

  '@rollup/rollup-linux-arm-musleabihf@4.59.0':
    resolution: {integrity: sha512-CikFT7aYPA2ufMD086cVORBYGHffBo4K8MQ4uPS/ZnY54GKj36i196u8U+aDVT2LX4eSMbyHtyOh7D7Zvk2VvA==}
    cpu: [arm]
    os: [linux]
    libc: [musl]

  '@rollup/rollup-linux-arm64-gnu@4.59.0':
    resolution: {integrity: sha512-jYgUGk5aLd1nUb1CtQ8E+t5JhLc9x5WdBKew9ZgAXg7DBk0ZHErLHdXM24rfX+bKrFe+Xp5YuJo54I5HFjGDAA==}
    cpu: [arm64]
    os: [linux]
    libc: [glibc]

  '@rollup/rollup-linux-arm64-musl@4.59.0':
    resolution: {integrity: sha512-peZRVEdnFWZ5Bh2KeumKG9ty7aCXzzEsHShOZEFiCQlDEepP1dpUl/SrUNXNg13UmZl+gzVDPsiCwnV1uI0RUA==}
    cpu: [arm64]
    os: [linux]
    libc: [musl]

  '@rollup/rollup-linux-loong64-gnu@4.59.0':
    resolution: {integrity: sha512-gbUSW/97f7+r4gHy3Jlup8zDG190AuodsWnNiXErp9mT90iCy9NKKU0Xwx5k8VlRAIV2uU9CsMnEFg/xXaOfXg==}
    cpu: [loong64]
    os: [linux]
    libc: [glibc]

  '@rollup/rollup-linux-loong64-musl@4.59.0':
    resolution: {integrity: sha512-yTRONe79E+o0FWFijasoTjtzG9EBedFXJMl888NBEDCDV9I2wGbFFfJQQe63OijbFCUZqxpHz1GzpbtSFikJ4Q==}
    cpu: [loong64]
    os: [linux]
    libc: [musl]

  '@rollup/rollup-linux-ppc64-gnu@4.59.0':
    resolution: {integrity: sha512-sw1o3tfyk12k3OEpRddF68a1unZ5VCN7zoTNtSn2KndUE+ea3m3ROOKRCZxEpmT9nsGnogpFP9x6mnLTCaoLkA==}
    cpu: [ppc64]
    os: [linux]
    libc: [glibc]

  '@rollup/rollup-linux-ppc64-musl@4.59.0':
    resolution: {integrity: sha512-+2kLtQ4xT3AiIxkzFVFXfsmlZiG5FXYW7ZyIIvGA7Bdeuh9Z0aN4hVyXS/G1E9bTP/vqszNIN/pUKCk/BTHsKA==}
    cpu: [ppc64]
    os: [linux]
    libc: [musl]

  '@rollup/rollup-linux-riscv64-gnu@4.59.0':
    resolution: {integrity: sha512-NDYMpsXYJJaj+I7UdwIuHHNxXZ/b/N2hR15NyH3m2qAtb/hHPA4g4SuuvrdxetTdndfj9b1WOmy73kcPRoERUg==}
    cpu: [riscv64]
    os: [linux]
    libc: [glibc]

  '@rollup/rollup-linux-riscv64-musl@4.59.0':
    resolution: {integrity: sha512-nLckB8WOqHIf1bhymk+oHxvM9D3tyPndZH8i8+35p/1YiVoVswPid2yLzgX7ZJP0KQvnkhM4H6QZ5m0LzbyIAg==}
    cpu: [riscv64]
    os: [linux]
    libc: [musl]

  '@rollup/rollup-linux-s390x-gnu@4.59.0':
    resolution: {integrity: sha512-oF87Ie3uAIvORFBpwnCvUzdeYUqi2wY6jRFWJAy1qus/udHFYIkplYRW+wo+GRUP4sKzYdmE1Y3+rY5Gc4ZO+w==}
    cpu: [s390x]
    os: [linux]
    libc: [glibc]

  '@rollup/rollup-linux-x64-gnu@4.59.0':
    resolution: {integrity: sha512-3AHmtQq/ppNuUspKAlvA8HtLybkDflkMuLK4DPo77DfthRb71V84/c4MlWJXixZz4uruIH4uaa07IqoAkG64fg==}
    cpu: [x64]
    os: [linux]
    libc: [glibc]

  '@rollup/rollup-linux-x64-musl@4.59.0':
    resolution: {integrity: sha512-2UdiwS/9cTAx7qIUZB/fWtToJwvt0Vbo0zmnYt7ED35KPg13Q0ym1g442THLC7VyI6JfYTP4PiSOWyoMdV2/xg==}
    cpu: [x64]
    os: [linux]
    libc: [musl]

  '@rollup/rollup-openbsd-x64@4.59.0':
    resolution: {integrity: sha512-M3bLRAVk6GOwFlPTIxVBSYKUaqfLrn8l0psKinkCFxl4lQvOSz8ZrKDz2gxcBwHFpci0B6rttydI4IpS4IS/jQ==}
    cpu: [x64]
    os: [openbsd]

  '@rollup/rollup-openharmony-arm64@4.59.0':
    resolution: {integrity: sha512-tt9KBJqaqp5i5HUZzoafHZX8b5Q2Fe7UjYERADll83O4fGqJ49O1FsL6LpdzVFQcpwvnyd0i+K/VSwu/o/nWlA==}
    cpu: [arm64]
    os: [openharmony]

  '@rollup/rollup-win32-arm64-msvc@4.59.0':
    resolution: {integrity: sha512-V5B6mG7OrGTwnxaNUzZTDTjDS7F75PO1ae6MJYdiMu60sq0CqN5CVeVsbhPxalupvTX8gXVSU9gq+Rx1/hvu6A==}
    cpu: [arm64]
    os: [win32]

  '@rollup/rollup-win32-ia32-msvc@4.59.0':
    resolution: {integrity: sha512-UKFMHPuM9R0iBegwzKF4y0C4J9u8C6MEJgFuXTBerMk7EJ92GFVFYBfOZaSGLu6COf7FxpQNqhNS4c4icUPqxA==}
    cpu: [ia32]
    os: [win32]

  '@rollup/rollup-win32-x64-gnu@4.59.0':
    resolution: {integrity: sha512-laBkYlSS1n2L8fSo1thDNGrCTQMmxjYY5G0WFWjFFYZkKPjsMBsgJfGf4TLxXrF6RyhI60L8TMOjBMvXiTcxeA==}
    cpu: [x64]
    os: [win32]

  '@rollup/rollup-win32-x64-msvc@4.59.0':
    resolution: {integrity: sha512-2HRCml6OztYXyJXAvdDXPKcawukWY2GpR5/nxKp4iBgiO3wcoEGkAaqctIbZcNB6KlUQBIqt8VYkNSj2397EfA==}
    cpu: [x64]
    os: [win32]

  '@tauri-apps/api@2.10.1':
    resolution: {integrity: sha512-hKL/jWf293UDSUN09rR69hrToyIXBb8CjGaWC7gfinvnQrBVvnLr08FeFi38gxtugAVyVcTa5/FD/Xnkb1siBw==}

  '@types/estree@1.0.8':
    resolution: {integrity: sha512-dWHzHa2WqEXI/O1E9OjrocMTKJl2mSrEolh1Iomrv6U+JuNwaHXsXx9bLu5gG7BUWFIN0skIQJQ/L1rIex4X6w==}

  estree-walker@2.0.2:
    resolution: {integrity: sha512-Rfkk/Mp/DL7JVje3u18FxFujQlTNR2q6QfMSMB7AvCBx91NGj/ba3kCfza0f6dVDbw7YlRf/nDrn7pQrCCyQ/w==}

  fsevents@2.3.3:
    resolution: {integrity: sha512-5xoDfX+fL7faATnagmWPpbFtwh/R77WmMMqqHGS65C3vvB0YHrgF+B1YmZ3441tMj5n63k0212XNoJwzlhffQw==}
    engines: {node: ^8.16.0 || ^10.6.0 || >=11.0.0}
    os: [darwin]

  function-bind@1.1.2:
    resolution: {integrity: sha512-7XHNxH7qX9xG5mIwxkhumTox/MIRNcOgDrxWsMt2pAr23WHp6MrRlN7FBSFpCpr+oVO0F744iUgR82nJMfG2SA==}

  hasown@2.0.2:
    resolution: {integrity: sha512-0hJU9SCPvmMzIBdZFqNPXWa6dqh7WdH0cII9y+CyS8rG3nL48Bclra9HmKhVVUHyPWNH5Y7xDwAB7bfgSjkUMQ==}
    engines: {node: '>= 0.4'}

  is-core-module@2.16.1:
    resolution: {integrity: sha512-UfoeMA6fIJ8wTYFEUjelnaGI67v6+N7qXJEvQuIGa99l4xsCruSYOVSQ0uPANn4dAzm8lkYPaKLrrijLq7x23w==}
    engines: {node: '>= 0.4'}

  path-parse@1.0.7:
    resolution: {integrity: sha512-LDJzPVEEEPR+y48z93A0Ed0yXb8pAByGWo/k5YYdYgpY2/2EsOsksJrq7lOHxryrVOn1ejG6oAp8ahvOIQD8sw==}

  picomatch@4.0.3:
    resolution: {integrity: sha512-5gTmgEY/sqK6gFXLIsQNH19lWb4ebPDLA4SdLP7dsWkIXHWlG66oPuVvXSGFPppYZz8ZDZq0dYYrbHfBCVUb1Q==}
    engines: {node: '>=12'}

  resolve@1.22.11:
    resolution: {integrity: sha512-RfqAvLnMl313r7c9oclB1HhUEAezcpLjz95wFH4LVuhk9JF/r22qmVP9AMmOU4vMX7Q8pN8jwNg/CSpdFnMjTQ==}
    engines: {node: '>= 0.4'}
    hasBin: true

  rollup@4.59.0:
    resolution: {integrity: sha512-2oMpl67a3zCH9H79LeMcbDhXW/UmWG/y2zuqnF2jQq5uq9TbM9TVyXvA4+t+ne2IIkBdrLpAaRQAvo7YI/Yyeg==}
    engines: {node: '>=18.0.0', npm: '>=8.0.0'}
    hasBin: true

  supports-preserve-symlinks-flag@1.0.0:
    resolution: {integrity: sha512-ot0WnXS9fgdkgIcePe6RHNk1WA8+muPa6cSjeR3V8K27q9BB1rTE3R1p7Hv0z1ZyAc8s6Vvv8DIyWf681MAt0w==}
    engines: {node: '>= 0.4'}

  tslib@2.8.1:
    resolution: {integrity: sha512-oJFu94HQb+KVduSUQL7wnpmqnfmLsOA/nAh6b6EH0wCEoK0/mPeXU6c3wKDV83MkOuHPRHtSXKKU99IBazS/2w==}

  typescript@5.9.3:
    resolution: {integrity: sha512-jl1vZzPDinLr9eUt3J/t7V6FgNEw9QjvBPdysz9KfQDD41fQrC2Y4vKQdiaUpFT4bXlb1RHhLpp8wtm6M5TgSw==}
    engines: {node: '>=14.17'}
    hasBin: true

snapshots:

  '@rollup/plugin-typescript@12.3.0(rollup@4.59.0)(tslib@2.8.1)(typescript@5.9.3)':
    dependencies:
      '@rollup/pluginutils': 5.3.0(rollup@4.59.0)
      resolve: 1.22.11
      typescript: 5.9.3
    optionalDependencies:
      rollup: 4.59.0
      tslib: 2.8.1

  '@rollup/pluginutils@5.3.0(rollup@4.59.0)':
    dependencies:
      '@types/estree': 1.0.8
      estree-walker: 2.0.2
      picomatch: 4.0.3
    optionalDependencies:
      rollup: 4.59.0

  '@rollup/rollup-android-arm-eabi@4.59.0':
    optional: true

  '@rollup/rollup-android-arm64@4.59.0':
    optional: true

  '@rollup/rollup-darwin-arm64@4.59.0':
    optional: true

  '@rollup/rollup-darwin-x64@4.59.0':
    optional: true

  '@rollup/rollup-freebsd-arm64@4.59.0':
    optional: true

  '@rollup/rollup-freebsd-x64@4.59.0':
    optional: true

  '@rollup/rollup-linux-arm-gnueabihf@4.59.0':
    optional: true

  '@rollup/rollup-linux-arm-musleabihf@4.59.0':
    optional: true

  '@rollup/rollup-linux-arm64-gnu@4.59.0':
    optional: true

  '@rollup/rollup-linux-arm64-musl@4.59.0':
    optional: true

  '@rollup/rollup-linux-loong64-gnu@4.59.0':
    optional: true

  '@rollup/rollup-linux-loong64-musl@4.59.0':
    optional: true

  '@rollup/rollup-linux-ppc64-gnu@4.59.0':
    optional: true

  '@rollup/rollup-linux-ppc64-musl@4.59.0':
    optional: true

  '@rollup/rollup-linux-riscv64-gnu@4.59.0':
    optional: true

  '@rollup/rollup-linux-riscv64-musl@4.59.0':
    optional: true

  '@rollup/rollup-linux-s390x-gnu@4.59.0':
    optional: true

  '@rollup/rollup-linux-x64-gnu@4.59.0':
    optional: true

  '@rollup/rollup-linux-x64-musl@4.59.0':
    optional: true

  '@rollup/rollup-openbsd-x64@4.59.0':
    optional: true

  '@rollup/rollup-openharmony-arm64@4.59.0':
    optional: true

  '@rollup/rollup-win32-arm64-msvc@4.59.0':
    optional: true

  '@rollup/rollup-win32-ia32-msvc@4.59.0':
    optional: true

  '@rollup/rollup-win32-x64-gnu@4.59.0':
    optional: true

  '@rollup/rollup-win32-x64-msvc@4.59.0':
    optional: true

  '@tauri-apps/api@2.10.1': {}

  '@types/estree@1.0.8': {}

  estree-walker@2.0.2: {}

  fsevents@2.3.3:
    optional: true

  function-bind@1.1.2: {}

  hasown@2.0.2:
    dependencies:
      function-bind: 1.1.2

  is-core-module@2.16.1:
    dependencies:
      hasown: 2.0.2

  path-parse@1.0.7: {}

  picomatch@4.0.3: {}

  resolve@1.22.11:
    dependencies:
      is-core-module: 2.16.1
      path-parse: 1.0.7
      supports-preserve-symlinks-flag: 1.0.0

  rollup@4.59.0:
    dependencies:
      '@types/estree': 1.0.8
    optionalDependencies:
      '@rollup/rollup-android-arm-eabi': 4.59.0
      '@rollup/rollup-android-arm64': 4.59.0
      '@rollup/rollup-darwin-arm64': 4.59.0
      '@rollup/rollup-darwin-x64': 4.59.0
      '@rollup/rollup-freebsd-arm64': 4.59.0
      '@rollup/rollup-freebsd-x64': 4.59.0
      '@rollup/rollup-linux-arm-gnueabihf': 4.59.0
      '@rollup/rollup-linux-arm-musleabihf': 4.59.0
      '@rollup/rollup-linux-arm64-gnu': 4.59.0
      '@rollup/rollup-linux-arm64-musl': 4.59.0
      '@rollup/rollup-linux-loong64-gnu': 4.59.0
      '@rollup/rollup-linux-loong64-musl': 4.59.0
      '@rollup/rollup-linux-ppc64-gnu': 4.59.0
      '@rollup/rollup-linux-ppc64-musl': 4.59.0
      '@rollup/rollup-linux-riscv64-gnu': 4.59.0
      '@rollup/rollup-linux-riscv64-musl': 4.59.0
      '@rollup/rollup-linux-s390x-gnu': 4.59.0
      '@rollup/rollup-linux-x64-gnu': 4.59.0
      '@rollup/rollup-linux-x64-musl': 4.59.0
      '@rollup/rollup-openbsd-x64': 4.59.0
      '@rollup/rollup-openharmony-arm64': 4.59.0
      '@rollup/rollup-win32-arm64-msvc': 4.59.0
      '@rollup/rollup-win32-ia32-msvc': 4.59.0
      '@rollup/rollup-win32-x64-gnu': 4.59.0
      '@rollup/rollup-win32-x64-msvc': 4.59.0
      fsevents: 2.3.3

  supports-preserve-symlinks-flag@1.0.0: {}

  tslib@2.8.1: {}

  typescript@5.9.3: {}
