# This file is automatically @generated by Cargo.
# It is not intended for manual editing.
version = 4

[[package]]
name = "base64"
version = "0.21.7"
source = "registry+https://github.com/rust-lang/crates.io-index"
checksum = "9d297deb1925b89f2ccc13d7635fa0714f12c87adce1c75356b39ca9b7178567"

[[package]]
name = "base64"
version = "0.22.1"
source = "registry+https://github.com/rust-lang/crates.io-index"
checksum = "72b3254f16251a8381aa12e40e3c4d2f0199f8c6508fbecb9d91f575e0fbb8c6"

[[package]]
name = "bitflags"
version = "1.3.2"
source = "registry+https://github.com/rust-lang/crates.io-index"
checksum = "bef38d45163c2f1dde094a7dfd33ccf595c92905c8f8f4fdc18d06fb1037718a"

[[package]]
name = "bitflags"
version = "2.13.0"
source = "registry+https://github.com/rust-lang/crates.io-index"
checksum = "b4388bee8683e3d04af747c73422af53102d2bd24d9eadb6cbc100baef4b43f8"

[[package]]
name = "block-buffer"
version = "0.10.4"
source = "registry+https://github.com/rust-lang/crates.io-index"
checksum = "3078c7629b62d3f0439517fa394996acacc5cbc91c5a20d8c658e77abd503a71"
dependencies = [
 "generic-array",
]

[[package]]
name = "bumpalo"
version = "3.20.3"
source = "registry+https://github.com/rust-lang/crates.io-index"
checksum = "72f5acc6cb2ba439de613abc23857ec3d78374d8ed5ac84e9d11336e87da8649"

[[package]]
name = "bytes"
version = "1.12.0"
source = "registry+https://github.com/rust-lang/crates.io-index"
checksum = "8ae3f5d315924270530207e2a68396c3cc547f6dca3fbdca317cfb1a51edb593"

[[package]]
name = "cc"
version = "1.2.65"
source = "registry+https://github.com/rust-lang/crates.io-index"
checksum = "e228eec9be7c17ccb640b59b36a5cd805ea2a564a4c5e162c2f659fea30d3b96"
dependencies = [
 "find-msvc-tools",
 "shlex",
]

[[package]]
name = "cfg-if"
version = "1.0.4"
source = "registry+https://github.com/rust-lang/crates.io-index"
checksum = "9330f8b2ff13f34540b44e946ef35111825727b38d33286ef986142615121801"

[[package]]
name = "core-foundation"
version = "0.9.4"
source = "registry+https://github.com/rust-lang/crates.io-index"
checksum = "91e195e091a93c46f7102ec7818a2aa394e1e1771c3ab4825963fa03e45afb8f"
dependencies = [
 "core-foundation-sys",
 "libc",
]

[[package]]
name = "core-foundation"
version = "0.10.1"
source = "registry+https://github.com/rust-lang/crates.io-index"
checksum = "b2a6cd9ae233e7f62ba4e9353e81a88df7fc8a5987b8d445b4d90c879bd156f6"
dependencies = [
 "core-foundation-sys",
 "libc",
]

[[package]]
name = "core-foundation-sys"
version = "0.8.7"
source = "registry+https://github.com/rust-lang/crates.io-index"
checksum = "773648b94d0e5d620f64f280777445740e61fe701025087ec8b57f45c791888b"

[[package]]
name = "cpufeatures"
version = "0.2.17"
source = "registry+https://github.com/rust-lang/crates.io-index"
checksum = "59ed5838eebb26a2bb2e58f6d5b5316989ae9d08bab10e0e6d103e656d1b0280"
dependencies = [
 "libc",
]

[[package]]
name = "crypto-common"
version = "0.1.7"
source = "registry+https://github.com/rust-lang/crates.io-index"
checksum = "78c8292055d1c1df0cce5d180393dc8cce0abec0a7102adb6c7b1eef6016d60a"
dependencies = [
 "generic-array",
 "typenum",
]

[[package]]
name = "digest"
version = "0.10.7"
source = "registry+https://github.com/rust-lang/crates.io-index"
checksum = "9ed9a281f7bc9b7576e61468ba615a66a5c8cfdff42420a70aa82701a3b1e292"
dependencies = [
 "block-buffer",
 "crypto-common",
 "subtle",
]

[[package]]
name = "displaydoc"
version = "0.2.6"
source = "registry+https://github.com/rust-lang/crates.io-index"
checksum = "1ac70aa55017e108007fbaf5aa0f54b021c98f92ff8af59d42eda9da96e3dd4f"
dependencies = [
 "proc-macro2",
 "quote",
 "syn",
]

[[package]]
name = "encoding_rs"
version = "0.8.35"
source = "registry+https://github.com/rust-lang/crates.io-index"
checksum = "75030f3c4f45dafd7586dd6780965a8c7e8e285a5ecb86713e63a79c5b2766f3"
dependencies = [
 "cfg-if",
]

[[package]]
name = "equivalent"
version = "1.0.2"
source = "registry+https://github.com/rust-lang/crates.io-index"
checksum = "877a4ace8713b0bcf2a4e7eec82529c029f1d0619886d18145fea96c3ffe5c0f"

[[package]]
name = "errno"
version = "0.3.14"
source = "registry+https://github.com/rust-lang/crates.io-index"
checksum = "39cab71617ae0d63f51a36d69f866391735b51691dbda63cf6f96d042b63efeb"
dependencies = [
 "libc",
 "windows-sys 0.61.2",
]

[[package]]
name = "fastrand"
version = "2.4.1"
source = "registry+https://github.com/rust-lang/crates.io-index"
checksum = "9f1f227452a390804cdb637b74a86990f2a7d7ba4b7d5693aac9b4dd6defd8d6"

[[package]]
name = "find-msvc-tools"
version = "0.1.9"
source = "registry+https://github.com/rust-lang/crates.io-index"
checksum = "5baebc0774151f905a1a2cc41989300b1e6fbb29aff0ceffa1064fdd3088d582"

[[package]]
name = "fnv"
version = "1.0.7"
source = "registry+https://github.com/rust-lang/crates.io-index"
checksum = "3f9eec918d3f24069decb9af1554cad7c880e2da24a9afd88aca000531ab82c1"

[[package]]
name = "foreign-types"
version = "0.3.2"
source = "registry+https://github.com/rust-lang/crates.io-index"
checksum = "f6f339eb8adc052cd2ca78910fda869aefa38d22d5cb648e6485e4d3fc06f3b1"
dependencies = [
 "foreign-types-shared",
]

[[package]]
name = "foreign-types-shared"
version = "0.1.1"
source = "registry+https://github.com/rust-lang/crates.io-index"
checksum = "00b0228411908ca8685dba7fc2cdd70ec9990a6e753e89b6ac91a84c40fbaf4b"

[[package]]
name = "form_urlencoded"
version = "1.2.2"
source = "registry+https://github.com/rust-lang/crates.io-index"
checksum = "cb4cb245038516f5f85277875cdaa4f7d2c9a0fa0468de06ed190163b1581fcf"
dependencies = [
 "percent-encoding",
]

[[package]]
name = "futures-channel"
version = "0.3.32"
source = "registry+https://github.com/rust-lang/crates.io-index"
checksum = "07bbe89c50d7a535e539b8c17bc0b49bdb77747034daa8087407d655f3f7cc1d"
dependencies = [
 "futures-core",
]

[[package]]
name = "futures-core"
version = "0.3.32"
source = "registry+https://github.com/rust-lang/crates.io-index"
checksum = "7e3450815272ef58cec6d564423f6e755e25379b217b0bc688e295ba24df6b1d"

[[package]]
name = "futures-sink"
version = "0.3.32"
source = "registry+https://github.com/rust-lang/crates.io-index"
checksum = "c39754e157331b013978ec91992bde1ac089843443c49cbc7f46150b0fad0893"

[[package]]
name = "futures-task"
version = "0.3.32"
source = "registry+https://github.com/rust-lang/crates.io-index"
checksum = "037711b3d59c33004d3856fbdc83b99d4ff37a24768fa1be9ce3538a1cde4393"

[[package]]
name = "futures-util"
version = "0.3.32"
source = "registry+https://github.com/rust-lang/crates.io-index"
checksum = "389ca41296e6190b48053de0321d02a77f32f8a5d2461dd38762c0593805c6d6"
dependencies = [
 "futures-core",
 "futures-task",
 "pin-project-lite",
 "slab",
]

[[package]]
name = "generic-array"
version = "0.14.7"
source = "registry+https://github.com/rust-lang/crates.io-index"
checksum = "85649ca51fd72272d7821adaf274ad91c288277713d9c18820d8499a7ff69e9a"
dependencies = [
 "typenum",
 "version_check",
]

[[package]]
name = "getrandom"
version = "0.2.17"
source = "registry+https://github.com/rust-lang/crates.io-index"
checksum = "ff2abc00be7fca6ebc474524697ae276ad847ad0a6b3faa4bcb027e9a4614ad0"
dependencies = [
 "cfg-if",
 "libc",
 "wasi",
]

[[package]]
name = "getrandom"
version = "0.4.3"
source = "registry+https://github.com/rust-lang/crates.io-index"
checksum = "300e883d756b2e4ec94e02791f39b04b522276138852cfc41d9fb7e904106099"
dependencies = [
 "cfg-if",
 "libc",
 "r-efi",
]

[[package]]
name = "h2"
version = "0.3.27"
source = "registry+https://github.com/rust-lang/crates.io-index"
checksum = "0beca50380b1fc32983fc1cb4587bfa4bb9e78fc259aad4a0032d2080309222d"
dependencies = [
 "bytes",
 "fnv",
 "futures-core",
 "futures-sink",
 "futures-util",
 "http",
 "indexmap",
 "slab",
 "tokio",
 "tokio-util",
 "tracing",
]

[[package]]
name = "hashbrown"
version = "0.17.1"
source = "registry+https://github.com/rust-lang/crates.io-index"
checksum = "ed5909b6e89a2db4456e54cd5f673791d7eca6732202bbf2a9cc504fe2f9b84a"

[[package]]
name = "hmac"
version = "0.12.1"
source = "registry+https://github.com/rust-lang/crates.io-index"
checksum = "6c49c37c09c17a53d937dfbb742eb3a961d65a994e6bcdcf37e7399d0cc8ab5e"
dependencies = [
 "digest",
]

[[package]]
name = "http"
version = "0.2.12"
source = "registry+https://github.com/rust-lang/crates.io-index"
checksum = "601cbb57e577e2f5ef5be8e7b83f0f63994f25aa94d673e54a92d5c516d101f1"
dependencies = [
 "bytes",
 "fnv",
 "itoa",
]

[[package]]
name = "http-body"
version = "0.4.6"
source = "registry+https://github.com/rust-lang/crates.io-index"
checksum = "7ceab25649e9960c0311ea418d17bee82c0dcec1bd053b5f9a66e265a693bed2"
dependencies = [
 "bytes",
 "http",
 "pin-project-lite",
]

[[package]]
name = "httparse"
version = "1.10.1"
source = "registry+https://github.com/rust-lang/crates.io-index"
checksum = "6dbf3de79e51f3d586ab4cb9d5c3e2c14aa28ed23d180cf89b4df0454a69cc87"

[[package]]
name = "httpdate"
version = "1.0.3"
source = "registry+https://github.com/rust-lang/crates.io-index"
checksum = "df3b46402a9d5adb4c86a0cf463f42e19994e3ee891101b1841f30a545cb49a9"

[[package]]
name = "hyper"
version = "0.14.32"
source = "registry+https://github.com/rust-lang/crates.io-index"
checksum = "41dfc780fdec9373c01bae43289ea34c972e40ee3c9f6b3c8801a35f35586ce7"
dependencies = [
 "bytes",
 "futures-channel",
 "futures-core",
 "futures-util",
 "h2",
 "http",
 "http-body",
 "httparse",
 "httpdate",
 "itoa",
 "pin-project-lite",
 "socket2 0.5.10",
 "tokio",
 "tower-service",
 "tracing",
 "want",
]

[[package]]
name = "hyper-rustls"
version = "0.24.2"
source = "registry+https://github.com/rust-lang/crates.io-index"
checksum = "ec3efd23720e2049821a693cbc7e65ea87c72f1c58ff2f9522ff332b1491e590"
dependencies = [
 "futures-util",
 "http",
 "hyper",
 "rustls",
 "tokio",
 "tokio-rustls",
]

[[package]]
name = "hyper-tls"
version = "0.5.0"
source = "registry+https://github.com/rust-lang/crates.io-index"
checksum = "d6183ddfa99b85da61a140bea0efc93fdf56ceaa041b37d553518030827f9905"
dependencies = [
 "bytes",
 "hyper",
 "native-tls",
 "tokio",
 "tokio-native-tls",
]

[[package]]
name = "icu_collections"
version = "2.2.0"
source = "registry+https://github.com/rust-lang/crates.io-index"
checksum = "2984d1cd16c883d7935b9e07e44071dca8d917fd52ecc02c04d5fa0b5a3f191c"
dependencies = [
 "displaydoc",
 "potential_utf",
 "utf8_iter",
 "yoke",
 "zerofrom",
 "zerovec",
]

[[package]]
name = "icu_locale_core"
version = "2.2.0"
source = "registry+https://github.com/rust-lang/crates.io-index"
checksum = "92219b62b3e2b4d88ac5119f8904c10f8f61bf7e95b640d25ba3075e6cac2c29"
dependencies = [
 "displaydoc",
 "litemap",
 "tinystr",
 "writeable",
 "zerovec",
]

[[package]]
name = "icu_normalizer"
version = "2.2.0"
source = "registry+https://github.com/rust-lang/crates.io-index"
checksum = "c56e5ee99d6e3d33bd91c5d85458b6005a22140021cc324cea84dd0e72cff3b4"
dependencies = [
 "icu_collections",
 "icu_normalizer_data",
 "icu_properties",
 "icu_provider",
 "smallvec",
 "zerovec",
]

[[package]]
name = "icu_normalizer_data"
version = "2.2.0"
source = "registry+https://github.com/rust-lang/crates.io-index"
checksum = "da3be0ae77ea334f4da67c12f149704f19f81d1adf7c51cf482943e84a2bad38"

[[package]]
name = "icu_properties"
version = "2.2.0"
source = "registry+https://github.com/rust-lang/crates.io-index"
checksum = "bee3b67d0ea5c2cca5003417989af8996f8604e34fb9ddf96208a033901e70de"
dependencies = [
 "icu_collections",
 "icu_locale_core",
 "icu_properties_data",
 "icu_provider",
 "zerotrie",
 "zerovec",
]

[[package]]
name = "icu_properties_data"
version = "2.2.0"
source = "registry+https://github.com/rust-lang/crates.io-index"
checksum = "8e2bbb201e0c04f7b4b3e14382af113e17ba4f63e2c9d2ee626b720cbce54a14"

[[package]]
name = "icu_provider"
version = "2.2.0"
source = "registry+https://github.com/rust-lang/crates.io-index"
checksum = "139c4cf31c8b5f33d7e199446eff9c1e02decfc2f0eec2c8d71f65befa45b421"
dependencies = [
 "displaydoc",
 "icu_locale_core",
 "writeable",
 "yoke",
 "zerofrom",
 "zerotrie",
 "zerovec",
]

[[package]]
name = "idna"
version = "1.1.0"
source = "registry+https://github.com/rust-lang/crates.io-index"
checksum = "3b0875f23caa03898994f6ddc501886a45c7d3d62d04d2d90788d47be1b1e4de"
dependencies = [
 "idna_adapter",
 "smallvec",
 "utf8_iter",
]

[[package]]
name = "idna_adapter"
version = "1.2.2"
source = "registry+https://github.com/rust-lang/crates.io-index"
checksum = "cb68373c0d6620ef8105e855e7745e18b0d00d3bdb07fb532e434244cdb9a714"
dependencies = [
 "icu_normalizer",
 "icu_properties",
]

[[package]]
name = "indexmap"
version = "2.14.0"
source = "registry+https://github.com/rust-lang/crates.io-index"
checksum = "d466e9454f08e4a911e14806c24e16fba1b4c121d1ea474396f396069cf949d9"
dependencies = [
 "equivalent",
 "hashbrown",
]

[[package]]
name = "ipnet"
version = "2.12.0"
source = "registry+https://github.com/rust-lang/crates.io-index"
checksum = "d98f6fed1fde3f8c21bc40a1abb88dd75e67924f9cffc3ef95607bad8017f8e2"

[[package]]
name = "itoa"
version = "1.0.18"
source = "registry+https://github.com/rust-lang/crates.io-index"
checksum = "8f42a60cbdf9a97f5d2305f08a87dc4e09308d1276d28c869c684d7777685682"

[[package]]
name = "jan-utils"
version = "0.1.0"
dependencies = [
 "base64 0.22.1",
 "hmac",
 "log",
 "rand",
 "reqwest",
 "serde",
 "serde_json",
 "sha2",
 "tempfile",
 "tokio",
 "tokio-util",
 "url",
 "windows-sys 0.60.2",
]

[[package]]
name = "js-sys"
version = "0.3.102"
source = "registry+https://github.com/rust-lang/crates.io-index"
checksum = "03d04c30968dffe80775bd4d7fb676131cd04a1fb46d2686dbffbaec2d9dfd31"
dependencies = [
 "cfg-if",
 "futures-util",
 "wasm-bindgen",
]

[[package]]
name = "libc"
version = "0.2.186"
source = "registry+https://github.com/rust-lang/crates.io-index"
checksum = "68ab91017fe16c622486840e4c83c9a37afeff978bd239b5293d61ece587de66"

[[package]]
name = "linux-raw-sys"
version = "0.12.1"
source = "registry+https://github.com/rust-lang/crates.io-index"
checksum = "32a66949e030da00e8c7d4434b251670a91556f4144941d37452769c25d58a53"

[[package]]
name = "litemap"
version = "0.8.2"
source = "registry+https://github.com/rust-lang/crates.io-index"
checksum = "92daf443525c4cce67b150400bc2316076100ce0b3686209eb8cf3c31612e6f0"

[[package]]
name = "log"
version = "0.4.33"
source = "registry+https://github.com/rust-lang/crates.io-index"
checksum = "0ceec5bc11778974d1bcb055b18002eba7f4b3518b6a0081b3af5f21666da9ad"

[[package]]
name = "memchr"
version = "2.8.2"
source = "registry+https://github.com/rust-lang/crates.io-index"
checksum = "88904434abc2901f197fe8cc55f0445e7ded921dba5911dad2e2b39b48e663c4"

[[package]]
name = "mime"
version = "0.3.17"
source = "registry+https://github.com/rust-lang/crates.io-index"
checksum = "6877bb514081ee2a7ff5ef9de3281f14a4dd4bceac4c09388074a6b5df8a139a"

[[package]]
name = "mio"
version = "1.2.1"
source = "registry+https://github.com/rust-lang/crates.io-index"
checksum = "02bd0af71c67b473010cbbc60715ee815645a4dc942899111f494b4b737d6fda"
dependencies = [
 "libc",
 "wasi",
 "windows-sys 0.61.2",
]

[[package]]
name = "native-tls"
version = "0.2.18"
source = "registry+https://github.com/rust-lang/crates.io-index"
checksum = "465500e14ea162429d264d44189adc38b199b62b1c21eea9f69e4b73cb03bbf2"
dependencies = [
 "libc",
 "log",
 "openssl",
 "openssl-probe",
 "openssl-sys",
 "schannel",
 "security-framework",
 "security-framework-sys",
 "tempfile",
]

[[package]]
name = "once_cell"
version = "1.21.4"
source = "registry+https://github.com/rust-lang/crates.io-index"
checksum = "9f7c3e4beb33f85d45ae3e3a1792185706c8e16d043238c593331cc7cd313b50"

[[package]]
name = "openssl"
version = "0.10.81"
source = "registry+https://github.com/rust-lang/crates.io-index"
checksum = "77823a27f0babb03091cb9ed9ef80af3b39dbc82f97e8fa530374b7dafd87a45"
dependencies = [
 "bitflags 2.13.0",
 "cfg-if",
 "foreign-types",
 "libc",
 "openssl-macros",
 "openssl-sys",
]

[[package]]
name = "openssl-macros"
version = "0.1.1"
source = "registry+https://github.com/rust-lang/crates.io-index"
checksum = "a948666b637a0f465e8564c73e89d4dde00d72d4d473cc972f390fc3dcee7d9c"
dependencies = [
 "proc-macro2",
 "quote",
 "syn",
]

[[package]]
name = "openssl-probe"
version = "0.2.1"
source = "registry+https://github.com/rust-lang/crates.io-index"
checksum = "7c87def4c32ab89d880effc9e097653c8da5d6ef28e6b539d313baaacfbafcbe"

[[package]]
name = "openssl-sys"
version = "0.9.117"
source = "registry+https://github.com/rust-lang/crates.io-index"
checksum = "b47e7e6bb2c38cd930d25a23b40fa52e068c10e85f3e03a7f5ba5aaca5713695"
dependencies = [
 "cc",
 "libc",
 "pkg-config",
 "vcpkg",
]

[[package]]
name = "percent-encoding"
version = "2.3.2"
source = "registry+https://github.com/rust-lang/crates.io-index"
checksum = "9b4f627cb1b25917193a259e49bdad08f671f8d9708acfd5fe0a8c1455d87220"

[[package]]
name = "pin-project-lite"
version = "0.2.17"
source = "registry+https://github.com/rust-lang/crates.io-index"
checksum = "a89322df9ebe1c1578d689c92318e070967d1042b512afbe49518723f4e6d5cd"

[[package]]
name = "pkg-config"
version = "0.3.33"
source = "registry+https://github.com/rust-lang/crates.io-index"
checksum = "19f132c84eca552bf34cab8ec81f1c1dcc229b811638f9d283dceabe58c5569e"

[[package]]
name = "potential_utf"
version = "0.1.5"
source = "registry+https://github.com/rust-lang/crates.io-index"
checksum = "0103b1cef7ec0cf76490e969665504990193874ea05c85ff9bab8b911d0a0564"
dependencies = [
 "zerovec",
]

[[package]]
name = "ppv-lite86"
version = "0.2.21"
source = "registry+https://github.com/rust-lang/crates.io-index"
checksum = "85eae3c4ed2f50dcfe72643da4befc30deadb458a9b590d720cde2f2b1e97da9"
dependencies = [
 "zerocopy",
]

[[package]]
name = "proc-macro2"
version = "1.0.106"
source = "registry+https://github.com/rust-lang/crates.io-index"
checksum = "8fd00f0bb2e90d81d1044c2b32617f68fcb9fa3bb7640c23e9c748e53fb30934"
dependencies = [
 "unicode-ident",
]

[[package]]
name = "quote"
version = "1.0.46"
source = "registry+https://github.com/rust-lang/crates.io-index"
checksum = "dfbc457d0c7a0759a614551b11a6409e5951f6c7537be1f1b7682b9ae9230368"
dependencies = [
 "proc-macro2",
]

[[package]]
name = "r-efi"
version = "6.0.0"
source = "registry+https://github.com/rust-lang/crates.io-index"
checksum = "f8dcc9c7d52a811697d2151c701e0d08956f92b0e24136cf4cf27b57a6a0d9bf"

[[package]]
name = "rand"
version = "0.8.6"
source = "registry+https://github.com/rust-lang/crates.io-index"
checksum = "5ca0ecfa931c29007047d1bc58e623ab12e5590e8c7cc53200d5202b69266d8a"
dependencies = [
 "libc",
 "rand_chacha",
 "rand_core",
]

[[package]]
name = "rand_chacha"
version = "0.3.1"
source = "registry+https://github.com/rust-lang/crates.io-index"
checksum = "e6c10a63a0fa32252be49d21e7709d4d4baf8d231c2dbce1eaa8141b9b127d88"
dependencies = [
 "ppv-lite86",
 "rand_core",
]

[[package]]
name = "rand_core"
version = "0.6.4"
source = "registry+https://github.com/rust-lang/crates.io-index"
checksum = "ec0be4795e2f6a28069bec0b5ff3e2ac9bafc99e6a9a7dc3547996c5c816922c"
dependencies = [
 "getrandom 0.2.17",
]

[[package]]
name = "reqwest"
version = "0.11.27"
source = "registry+https://github.com/rust-lang/crates.io-index"
checksum = "dd67538700a17451e7cba03ac727fb961abb7607553461627b97de0b89cf4a62"
dependencies = [
 "base64 0.21.7",
 "bytes",
 "encoding_rs",
 "futures-core",
 "futures-util",
 "h2",
 "http",
 "http-body",
 "hyper",
 "hyper-rustls",
 "hyper-tls",
 "ipnet",
 "js-sys",
 "log",
 "mime",
 "native-tls",
 "once_cell",
 "percent-encoding",
 "pin-project-lite",
 "rustls",
 "rustls-pemfile",
 "serde",
 "serde_json",
 "serde_urlencoded",
 "sync_wrapper",
 "system-configuration",
 "tokio",
 "tokio-native-tls",
 "tokio-rustls",
 "tower-service",
 "url",
 "wasm-bindgen",
 "wasm-bindgen-futures",
 "web-sys",
 "webpki-roots",
 "winreg",
]

[[package]]
name = "ring"
version = "0.17.14"
source = "registry+https://github.com/rust-lang/crates.io-index"
checksum = "a4689e6c2294d81e88dc6261c768b63bc4fcdb852be6d1352498b114f61383b7"
dependencies = [
 "cc",
 "cfg-if",
 "getrandom 0.2.17",
 "libc",
 "untrusted",
 "windows-sys 0.52.0",
]

[[package]]
name = "rustix"
version = "1.1.4"
source = "registry+https://github.com/rust-lang/crates.io-index"
checksum = "b6fe4565b9518b83ef4f91bb47ce29620ca828bd32cb7e408f0062e9930ba190"
dependencies = [
 "bitflags 2.13.0",
 "errno",
 "libc",
 "linux-raw-sys",
 "windows-sys 0.61.2",
]

[[package]]
name = "rustls"
version = "0.21.12"
source = "registry+https://github.com/rust-lang/crates.io-index"
checksum = "3f56a14d1f48b391359b22f731fd4bd7e43c97f3c50eee276f3aa09c94784d3e"
dependencies = [
 "log",
 "ring",
 "rustls-webpki",
 "sct",
]

[[package]]
name = "rustls-pemfile"
version = "1.0.4"
source = "registry+https://github.com/rust-lang/crates.io-index"
checksum = "1c74cae0a4cf6ccbbf5f359f08efdf8ee7e1dc532573bf0db71968cb56b1448c"
dependencies = [
 "base64 0.21.7",
]

[[package]]
name = "rustls-webpki"
version = "0.101.7"
source = "registry+https://github.com/rust-lang/crates.io-index"
checksum = "8b6275d1ee7a1cd780b64aca7726599a1dbc893b1e64144529e55c3c2f745765"
dependencies = [
 "ring",
 "untrusted",
]

[[package]]
name = "rustversion"
version = "1.0.22"
source = "registry+https://github.com/rust-lang/crates.io-index"
checksum = "b39cdef0fa800fc44525c84ccb54a029961a8215f9619753635a9c0d2538d46d"

[[package]]
name = "ryu"
version = "1.0.23"
source = "registry+https://github.com/rust-lang/crates.io-index"
checksum = "9774ba4a74de5f7b1c1451ed6cd5285a32eddb5cccb8cc655a4e50009e06477f"

[[package]]
name = "schannel"
version = "0.1.29"
source = "registry+https://github.com/rust-lang/crates.io-index"
checksum = "91c1b7e4904c873ef0710c1f407dde2e6287de2bebc1bbbf7d430bb7cbffd939"
dependencies = [
 "windows-sys 0.61.2",
]

[[package]]
name = "sct"
version = "0.7.1"
source = "registry+https://github.com/rust-lang/crates.io-index"
checksum = "da046153aa2352493d6cb7da4b6e5c0c057d8a1d0a9aa8560baffdd945acd414"
dependencies = [
 "ring",
 "untrusted",
]

[[package]]
name = "security-framework"
version = "3.7.0"
source = "registry+https://github.com/rust-lang/crates.io-index"
checksum = "b7f4bc775c73d9a02cde8bf7b2ec4c9d12743edf609006c7facc23998404cd1d"
dependencies = [
 "bitflags 2.13.0",
 "core-foundation 0.10.1",
 "core-foundation-sys",
 "libc",
 "security-framework-sys",
]

[[package]]
name = "security-framework-sys"
version = "2.17.0"
source = "registry+https://github.com/rust-lang/crates.io-index"
checksum = "6ce2691df843ecc5d231c0b14ece2acc3efb62c0a398c7e1d875f3983ce020e3"
dependencies = [
 "core-foundation-sys",
 "libc",
]

[[package]]
name = "serde"
version = "1.0.228"
source = "registry+https://github.com/rust-lang/crates.io-index"
checksum = "9a8e94ea7f378bd32cbbd37198a4a91436180c5bb472411e48b5ec2e2124ae9e"
dependencies = [
 "serde_core",
 "serde_derive",
]

[[package]]
name = "serde_core"
version = "1.0.228"
source = "registry+https://github.com/rust-lang/crates.io-index"
checksum = "41d385c7d4ca58e59fc732af25c3983b67ac852c1a25000afe1175de458b67ad"
dependencies = [
 "serde_derive",
]

[[package]]
name = "serde_derive"
version = "1.0.228"
source = "registry+https://github.com/rust-lang/crates.io-index"
checksum = "d540f220d3187173da220f885ab66608367b6574e925011a9353e4badda91d79"
dependencies = [
 "proc-macro2",
 "quote",
 "syn",
]

[[package]]
name = "serde_json"
version = "1.0.150"
source = "registry+https://github.com/rust-lang/crates.io-index"
checksum = "e8014e44b4736ed0538adeecded0fce2a272f22dc9578a7eb6b2d9993c74cfb9"
dependencies = [
 "itoa",
 "memchr",
 "serde",
 "serde_core",
 "zmij",
]

[[package]]
name = "serde_urlencoded"
version = "0.7.1"
source = "registry+https://github.com/rust-lang/crates.io-index"
checksum = "d3491c14715ca2294c4d6a88f15e84739788c1d030eed8c110436aafdaa2f3fd"
dependencies = [
 "form_urlencoded",
 "itoa",
 "ryu",
 "serde",
]

[[package]]
name = "sha2"
version = "0.10.9"
source = "registry+https://github.com/rust-lang/crates.io-index"
checksum = "a7507d819769d01a365ab707794a4084392c824f54a7a6a7862f8c3d0892b283"
dependencies = [
 "cfg-if",
 "cpufeatures",
 "digest",
]

[[package]]
name = "shlex"
version = "2.0.1"
source = "registry+https://github.com/rust-lang/crates.io-index"
checksum = "f8fadd59c855ef2080decdef8ff161eb6661b86933c9d82e5ba29dc602a55aba"

[[package]]
name = "signal-hook-registry"
version = "1.4.8"
source = "registry+https://github.com/rust-lang/crates.io-index"
checksum = "c4db69cba1110affc0e9f7bcd48bbf87b3f4fc7c61fc9155afd4c469eb3d6c1b"
dependencies = [
 "errno",
 "libc",
]

[[package]]
name = "slab"
version = "0.4.12"
source = "registry+https://github.com/rust-lang/crates.io-index"
checksum = "0c790de23124f9ab44544d7ac05d60440adc586479ce501c1d6d7da3cd8c9cf5"

[[package]]
name = "smallvec"
version = "1.15.2"
source = "registry+https://github.com/rust-lang/crates.io-index"
checksum = "8ed6a63f02c8539c91a8685a86f4099661ba3da017932f6ebbea6de3f0fa7c90"

[[package]]
name = "socket2"
version = "0.5.10"
source = "registry+https://github.com/rust-lang/crates.io-index"
checksum = "e22376abed350d73dd1cd119b57ffccad95b4e585a7cda43e286245ce23c0678"
dependencies = [
 "libc",
 "windows-sys 0.52.0",
]

[[package]]
name = "socket2"
version = "0.6.4"
source = "registry+https://github.com/rust-lang/crates.io-index"
checksum = "52d1cfed4120b4d927bf7c0f86d2087a4a7d6027c906d9f9d525a80573b9be51"
dependencies = [
 "libc",
 "windows-sys 0.61.2",
]

[[package]]
name = "stable_deref_trait"
version = "1.2.1"
source = "registry+https://github.com/rust-lang/crates.io-index"
checksum = "6ce2be8dc25455e1f91df71bfa12ad37d7af1092ae736f3a6cd0e37bc7810596"

[[package]]
name = "subtle"
version = "2.6.1"
source = "registry+https://github.com/rust-lang/crates.io-index"
checksum = "13c2bddecc57b384dee18652358fb23172facb8a2c51ccc10d74c157bdea3292"

[[package]]
name = "syn"
version = "2.0.118"
source = "registry+https://github.com/rust-lang/crates.io-index"
checksum = "1b9ae57f904213ebb649ce6895b8a66c66f0203b9319718f69a5612a065b1422"
dependencies = [
 "proc-macro2",
 "quote",
 "unicode-ident",
]

[[package]]
name = "sync_wrapper"
version = "0.1.2"
source = "registry+https://github.com/rust-lang/crates.io-index"
checksum = "2047c6ded9c721764247e62cd3b03c09ffc529b2ba5b10ec482ae507a4a70160"

[[package]]
name = "synstructure"
version = "0.13.2"
source = "registry+https://github.com/rust-lang/crates.io-index"
checksum = "728a70f3dbaf5bab7f0c4b1ac8d7ae5ea60a4b5549c8a5914361c99147a709d2"
dependencies = [
 "proc-macro2",
 "quote",
 "syn",
]

[[package]]
name = "system-configuration"
version = "0.5.1"
source = "registry+https://github.com/rust-lang/crates.io-index"
checksum = "ba3a3adc5c275d719af8cb4272ea1c4a6d668a777f37e115f6d11ddbc1c8e0e7"
dependencies = [
 "bitflags 1.3.2",
 "core-foundation 0.9.4",
 "system-configuration-sys",
]

[[package]]
name = "system-configuration-sys"
version = "0.5.0"
source = "registry+https://github.com/rust-lang/crates.io-index"
checksum = "a75fb188eb626b924683e3b95e3a48e63551fcfb51949de2f06a9d91dbee93c9"
dependencies = [
 "core-foundation-sys",
 "libc",
]

[[package]]
name = "tempfile"
version = "3.27.0"
source = "registry+https://github.com/rust-lang/crates.io-index"
checksum = "32497e9a4c7b38532efcdebeef879707aa9f794296a4f0244f6f69e9bc8574bd"
dependencies = [
 "fastrand",
 "getrandom 0.4.3",
 "once_cell",
 "rustix",
 "windows-sys 0.61.2",
]

[[package]]
name = "tinystr"
version = "0.8.3"
source = "registry+https://github.com/rust-lang/crates.io-index"
checksum = "c8323304221c2a851516f22236c5722a72eaa19749016521d6dff0824447d96d"
dependencies = [
 "displaydoc",
 "zerovec",
]

[[package]]
name = "tokio"
version = "1.52.3"
source = "registry+https://github.com/rust-lang/crates.io-index"
checksum = "8fc7f01b389ac15039e4dc9531aa973a135d7a4135281b12d7c1bc79fd57fffe"
dependencies = [
 "bytes",
 "libc",
 "mio",
 "pin-project-lite",
 "signal-hook-registry",
 "socket2 0.6.4",
 "tokio-macros",
 "windows-sys 0.61.2",
]

[[package]]
name = "tokio-macros"
version = "2.7.0"
source = "registry+https://github.com/rust-lang/crates.io-index"
checksum = "385a6cb71ab9ab790c5fe8d67f1645e6c450a7ce006a33de03daa956cf70a496"
dependencies = [
 "proc-macro2",
 "quote",
 "syn",
]

[[package]]
name = "tokio-native-tls"
version = "0.3.1"
source = "registry+https://github.com/rust-lang/crates.io-index"
checksum = "bbae76ab933c85776efabc971569dd6119c580d8f5d448769dec1764bf796ef2"
dependencies = [
 "native-tls",
 "tokio",
]

[[package]]
name = "tokio-rustls"
version = "0.24.1"
source = "registry+https://github.com/rust-lang/crates.io-index"
checksum = "c28327cf380ac148141087fbfb9de9d7bd4e84ab5d2c28fbc911d753de8a7081"
dependencies = [
 "rustls",
 "tokio",
]

[[package]]
name = "tokio-util"
version = "0.7.18"
source = "registry+https://github.com/rust-lang/crates.io-index"
checksum = "9ae9cec805b01e8fc3fd2fe289f89149a9b66dd16786abd8b19cfa7b48cb0098"
dependencies = [
 "bytes",
 "futures-core",
 "futures-sink",
 "pin-project-lite",
 "tokio",
]

[[package]]
name = "tower-service"
version = "0.3.3"
source = "registry+https://github.com/rust-lang/crates.io-index"
checksum = "8df9b6e13f2d32c91b9bd719c00d1958837bc7dec474d94952798cc8e69eeec3"

[[package]]
name = "tracing"
version = "0.1.44"
source = "registry+https://github.com/rust-lang/crates.io-index"
checksum = "63e71662fa4b2a2c3a26f570f037eb95bb1f85397f3cd8076caed2f026a6d100"
dependencies = [
 "pin-project-lite",
 "tracing-core",
]

[[package]]
name = "tracing-core"
version = "0.1.36"
source = "registry+https://github.com/rust-lang/crates.io-index"
checksum = "db97caf9d906fbde555dd62fa95ddba9eecfd14cb388e4f491a66d74cd5fb79a"
dependencies = [
 "once_cell",
]

[[package]]
name = "try-lock"
version = "0.2.5"
source = "registry+https://github.com/rust-lang/crates.io-index"
checksum = "e421abadd41a4225275504ea4d6566923418b7f05506fbc9c0fe86ba7396114b"

[[package]]
name = "typenum"
version = "1.20.1"
source = "registry+https://github.com/rust-lang/crates.io-index"
checksum = "b6f5e870be6c3b371b77fe0ee0bafb859fa4964b4404c27de1d380043c4dda20"

[[package]]
name = "unicode-ident"
version = "1.0.24"
source = "registry+https://github.com/rust-lang/crates.io-index"
checksum = "e6e4313cd5fcd3dad5cafa179702e2b244f760991f45397d14d4ebf38247da75"

[[package]]
name = "untrusted"
version = "0.9.0"
source = "registry+https://github.com/rust-lang/crates.io-index"
checksum = "8ecb6da28b8a351d773b68d5825ac39017e680750f980f3a1a85cd8dd28a47c1"

[[package]]
name = "url"
version = "2.5.8"
source = "registry+https://github.com/rust-lang/crates.io-index"
checksum = "ff67a8a4397373c3ef660812acab3268222035010ab8680ec4215f38ba3d0eed"
dependencies = [
 "form_urlencoded",
 "idna",
 "percent-encoding",
 "serde",
]

[[package]]
name = "utf8_iter"
version = "1.0.4"
source = "registry+https://github.com/rust-lang/crates.io-index"
checksum = "b6c140620e7ffbb22c2dee59cafe6084a59b5ffc27a8859a5f0d494b5d52b6be"

[[package]]
name = "vcpkg"
version = "0.2.15"
source = "registry+https://github.com/rust-lang/crates.io-index"
checksum = "accd4ea62f7bb7a82fe23066fb0957d48ef677f6eeb8215f372f52e48bb32426"

[[package]]
name = "version_check"
version = "0.9.5"
source = "registry+https://github.com/rust-lang/crates.io-index"
checksum = "0b928f33d975fc6ad9f86c8f283853ad26bdd5b10b7f1542aa2fa15e2289105a"

[[package]]
name = "want"
version = "0.3.1"
source = "registry+https://github.com/rust-lang/crates.io-index"
checksum = "bfa7760aed19e106de2c7c0b581b509f2f25d3dacaf737cb82ac61bc6d760b0e"
dependencies = [
 "try-lock",
]

[[package]]
name = "wasi"
version = "0.11.1+wasi-snapshot-preview1"
source = "registry+https://github.com/rust-lang/crates.io-index"
checksum = "ccf3ec651a847eb01de73ccad15eb7d99f80485de043efb2f370cd654f4ea44b"

[[package]]
name = "wasm-bindgen"
version = "0.2.125"
source = "registry+https://github.com/rust-lang/crates.io-index"
checksum = "8ddb3f79143bced6de84270411622a2699cee572fc0875aeaf1e7867cf9fca1a"
dependencies = [
 "cfg-if",
 "once_cell",
 "rustversion",
 "wasm-bindgen-macro",
 "wasm-bindgen-shared",
]

[[package]]
name = "wasm-bindgen-futures"
version = "0.4.75"
source = "registry+https://github.com/rust-lang/crates.io-index"
checksum = "503b14d284f2c8dac03b819967e155ea753f573586193b2b2c95990cb5d69280"
dependencies = [
 "js-sys",
 "wasm-bindgen",
]

[[package]]
name = "wasm-bindgen-macro"
version = "0.2.125"
source = "registry+https://github.com/rust-lang/crates.io-index"
checksum = "4e21a184b13fb19e157296e2c46056aec9092264fab83e4ba59e68c61b323c3d"
dependencies = [
 "quote",
 "wasm-bindgen-macro-support",
]

[[package]]
name = "wasm-bindgen-macro-support"
version = "0.2.125"
source = "registry+https://github.com/rust-lang/crates.io-index"
checksum = "fecefd9c35bd935a20fc3fc344b5f29138961e4f47fb03297d88f2587afb5ebd"
dependencies = [
 "bumpalo",
 "proc-macro2",
 "quote",
 "syn",
 "wasm-bindgen-shared",
]

[[package]]
name = "wasm-bindgen-shared"
version = "0.2.125"
source = "registry+https://github.com/rust-lang/crates.io-index"
checksum = "23939e44bb9a5d7576fa2b563dc2e136628f1224e88a8deed09e04858b77871f"
dependencies = [
 "unicode-ident",
]

[[package]]
name = "web-sys"
version = "0.3.102"
source = "registry+https://github.com/rust-lang/crates.io-index"
checksum = "a6430a72df5eb332242960fe84b3002a241163998241eb596d4f739b9757061d"
dependencies = [
 "js-sys",
 "wasm-bindgen",
]

[[package]]
name = "webpki-roots"
version = "0.25.4"
source = "registry+https://github.com/rust-lang/crates.io-index"
checksum = "5f20c57d8d7db6d3b86154206ae5d8fba62dd39573114de97c2cb0578251f8e1"

[[package]]
name = "windows-link"
version = "0.2.1"
source = "registry+https://github.com/rust-lang/crates.io-index"
checksum = "f0805222e57f7521d6a62e36fa9163bc891acd422f971defe97d64e70d0a4fe5"

[[package]]
name = "windows-sys"
version = "0.48.0"
source = "registry+https://github.com/rust-lang/crates.io-index"
checksum = "677d2418bec65e3338edb076e806bc1ec15693c5d0104683f2efe857f61056a9"
dependencies = [
 "windows-targets 0.48.5",
]

[[package]]
name = "windows-sys"
version = "0.52.0"
source = "registry+https://github.com/rust-lang/crates.io-index"
checksum = "282be5f36a8ce781fad8c8ae18fa3f9beff57ec1b52cb3de0789201425d9a33d"
dependencies = [
 "windows-targets 0.52.6",
]

[[package]]
name = "windows-sys"
version = "0.60.2"
source = "registry+https://github.com/rust-lang/crates.io-index"
checksum = "f2f500e4d28234f72040990ec9d39e3a6b950f9f22d3dba18416c35882612bcb"
dependencies = [
 "windows-targets 0.53.5",
]

[[package]]
name = "windows-sys"
version = "0.61.2"
source = "registry+https://github.com/rust-lang/crates.io-index"
checksum = "ae137229bcbd6cdf0f7b80a31df61766145077ddf49416a728b02cb3921ff3fc"
dependencies = [
 "windows-link",
]

[[package]]
name = "windows-targets"
version = "0.48.5"
source = "registry+https://github.com/rust-lang/crates.io-index"
checksum = "9a2fa6e2155d7247be68c096456083145c183cbbbc2764150dda45a87197940c"
dependencies = [
 "windows_aarch64_gnullvm 0.48.5",
 "windows_aarch64_msvc 0.48.5",
 "windows_i686_gnu 0.48.5",
 "windows_i686_msvc 0.48.5",
 "windows_x86_64_gnu 0.48.5",
 "windows_x86_64_gnullvm 0.48.5",
 "windows_x86_64_msvc 0.48.5",
]

[[package]]
name = "windows-targets"
version = "0.52.6"
source = "registry+https://github.com/rust-lang/crates.io-index"
checksum = "9b724f72796e036ab90c1021d4780d4d3d648aca59e491e6b98e725b84e99973"
dependencies = [
 "windows_aarch64_gnullvm 0.52.6",
 "windows_aarch64_msvc 0.52.6",
 "windows_i686_gnu 0.52.6",
 "windows_i686_gnullvm 0.52.6",
 "windows_i686_msvc 0.52.6",
 "windows_x86_64_gnu 0.52.6",
 "windows_x86_64_gnullvm 0.52.6",
 "windows_x86_64_msvc 0.52.6",
]

[[package]]
name = "windows-targets"
version = "0.53.5"
source = "registry+https://github.com/rust-lang/crates.io-index"
checksum = "4945f9f551b88e0d65f3db0bc25c33b8acea4d9e41163edf90dcd0b19f9069f3"
dependencies = [
 "windows-link",
 "windows_aarch64_gnullvm 0.53.1",
 "windows_aarch64_msvc 0.53.1",
 "windows_i686_gnu 0.53.1",
 "windows_i686_gnullvm 0.53.1",
 "windows_i686_msvc 0.53.1",
 "windows_x86_64_gnu 0.53.1",
 "windows_x86_64_gnullvm 0.53.1",
 "windows_x86_64_msvc 0.53.1",
]

[[package]]
name = "windows_aarch64_gnullvm"
version = "0.48.5"
source = "registry+https://github.com/rust-lang/crates.io-index"
checksum = "2b38e32f0abccf9987a4e3079dfb67dcd799fb61361e53e2882c3cbaf0d905d8"

[[package]]
name = "windows_aarch64_gnullvm"
version = "0.52.6"
source = "registry+https://github.com/rust-lang/crates.io-index"
checksum = "32a4622180e7a0ec044bb555404c800bc9fd9ec262ec147edd5989ccd0c02cd3"

[[package]]
name = "windows_aarch64_gnullvm"
version = "0.53.1"
source = "registry+https://github.com/rust-lang/crates.io-index"
checksum = "a9d8416fa8b42f5c947f8482c43e7d89e73a173cead56d044f6a56104a6d1b53"

[[package]]
name = "windows_aarch64_msvc"
version = "0.48.5"
source = "registry+https://github.com/rust-lang/crates.io-index"
checksum = "dc35310971f3b2dbbf3f0690a219f40e2d9afcf64f9ab7cc1be722937c26b4bc"

[[package]]
name = "windows_aarch64_msvc"
version = "0.52.6"
source = "registry+https://github.com/rust-lang/crates.io-index"
checksum = "09ec2a7bb152e2252b53fa7803150007879548bc709c039df7627cabbd05d469"

[[package]]
name = "windows_aarch64_msvc"
version = "0.53.1"
source = "registry+https://github.com/rust-lang/crates.io-index"
checksum = "b9d782e804c2f632e395708e99a94275910eb9100b2114651e04744e9b125006"

[[package]]
name = "windows_i686_gnu"
version = "0.48.5"
source = "registry+https://github.com/rust-lang/crates.io-index"
checksum = "a75915e7def60c94dcef72200b9a8e58e5091744960da64ec734a6c6e9b3743e"

[[package]]
name = "windows_i686_gnu"
version = "0.52.6"
source = "registry+https://github.com/rust-lang/crates.io-index"
checksum = "8e9b5ad5ab802e97eb8e295ac6720e509ee4c243f69d781394014ebfe8bbfa0b"

[[package]]
name = "windows_i686_gnu"
version = "0.53.1"
source = "registry+https://github.com/rust-lang/crates.io-index"
checksum = "960e6da069d81e09becb0ca57a65220ddff016ff2d6af6a223cf372a506593a3"

[[package]]
name = "windows_i686_gnullvm"
version = "0.52.6"
source = "registry+https://github.com/rust-lang/crates.io-index"
checksum = "0eee52d38c090b3caa76c563b86c3a4bd71ef1a819287c19d586d7334ae8ed66"

[[package]]
name = "windows_i686_gnullvm"
version = "0.53.1"
source = "registry+https://github.com/rust-lang/crates.io-index"
checksum = "fa7359d10048f68ab8b09fa71c3daccfb0e9b559aed648a8f95469c27057180c"

[[package]]
name = "windows_i686_msvc"
version = "0.48.5"
source = "registry+https://github.com/rust-lang/crates.io-index"
checksum = "8f55c233f70c4b27f66c523580f78f1004e8b5a8b659e05a4eb49d4166cca406"

[[package]]
name = "windows_i686_msvc"
version = "0.52.6"
source = "registry+https://github.com/rust-lang/crates.io-index"
checksum = "240948bc05c5e7c6dabba28bf89d89ffce3e303022809e73deaefe4f6ec56c66"

[[package]]
name = "windows_i686_msvc"
version = "0.53.1"
source = "registry+https://github.com/rust-lang/crates.io-index"
checksum = "1e7ac75179f18232fe9c285163565a57ef8d3c89254a30685b57d83a38d326c2"

[[package]]
name = "windows_x86_64_gnu"
version = "0.48.5"
source = "registry+https://github.com/rust-lang/crates.io-index"
checksum = "53d40abd2583d23e4718fddf1ebec84dbff8381c07cae67ff7768bbf19c6718e"

[[package]]
name = "windows_x86_64_gnu"
version = "0.52.6"
source = "registry+https://github.com/rust-lang/crates.io-index"
checksum = "147a5c80aabfbf0c7d901cb5895d1de30ef2907eb21fbbab29ca94c5b08b1a78"

[[package]]
name = "windows_x86_64_gnu"
version = "0.53.1"
source = "registry+https://github.com/rust-lang/crates.io-index"
checksum = "9c3842cdd74a865a8066ab39c8a7a473c0778a3f29370b5fd6b4b9aa7df4a499"

[[package]]
name = "windows_x86_64_gnullvm"
version = "0.48.5"
source = "registry+https://github.com/rust-lang/crates.io-index"
checksum = "0b7b52767868a23d5bab768e390dc5f5c55825b6d30b86c844ff2dc7414044cc"

[[package]]
name = "windows_x86_64_gnullvm"
version = "0.52.6"
source = "registry+https://github.com/rust-lang/crates.io-index"
checksum = "24d5b23dc417412679681396f2b49f3de8c1473deb516bd34410872eff51ed0d"

[[package]]
name = "windows_x86_64_gnullvm"
version = "0.53.1"
source = "registry+https://github.com/rust-lang/crates.io-index"
checksum = "0ffa179e2d07eee8ad8f57493436566c7cc30ac536a3379fdf008f47f6bb7ae1"

[[package]]
name = "windows_x86_64_msvc"
version = "0.48.5"
source = "registry+https://github.com/rust-lang/crates.io-index"
checksum = "ed94fce61571a4006852b7389a063ab983c02eb1bb37b47f8272ce92d06d9538"

[[package]]
name = "windows_x86_64_msvc"
version = "0.52.6"
source = "registry+https://github.com/rust-lang/crates.io-index"
checksum = "589f6da84c646204747d1270a2a5661ea66ed1cced2631d546fdfb155959f9ec"

[[package]]
name = "windows_x86_64_msvc"
version = "0.53.1"
source = "registry+https://github.com/rust-lang/crates.io-index"
checksum = "d6bbff5f0aada427a1e5a6da5f1f98158182f26556f345ac9e04d36d0ebed650"

[[package]]
name = "winreg"
version = "0.50.0"
source = "registry+https://github.com/rust-lang/crates.io-index"
checksum = "524e57b2c537c0f9b1e69f1965311ec12182b4122e45035b1508cd24d2adadb1"
dependencies = [
 "cfg-if",
 "windows-sys 0.48.0",
]

[[package]]
name = "writeable"
version = "0.6.3"
source = "registry+https://github.com/rust-lang/crates.io-index"
checksum = "1ffae5123b2d3fc086436f8834ae3ab053a283cfac8fe0a0b8eaae044768a4c4"

[[package]]
name = "yoke"
version = "0.8.3"
source = "registry+https://github.com/rust-lang/crates.io-index"
checksum = "709fe23a0424b6a435d82152b1bd3fdfb0833487d5fa90d05d42762a9891fef5"
dependencies = [
 "stable_deref_trait",
 "yoke-derive",
 "zerofrom",
]

[[package]]
name = "yoke-derive"
version = "0.8.2"
source = "registry+https://github.com/rust-lang/crates.io-index"
checksum = "de844c262c8848816172cef550288e7dc6c7b7814b4ee56b3e1553f275f1858e"
dependencies = [
 "proc-macro2",
 "quote",
 "syn",
 "synstructure",
]

[[package]]
name = "zerocopy"
version = "0.8.52"
source = "registry+https://github.com/rust-lang/crates.io-index"
checksum = "ce1022995ff5ff5d841ad7d994facc23098cd40152f2c1d11cd607c6f530653f"
dependencies = [
 "zerocopy-derive",
]

[[package]]
name = "zerocopy-derive"
version = "0.8.52"
source = "registry+https://github.com/rust-lang/crates.io-index"
checksum = "1ae7f38b72ec2a254e2b87ef277cf2cd4fb97cbebf944faa6f33354da0867930"
dependencies = [
 "proc-macro2",
 "quote",
 "syn",
]

[[package]]
name = "zerofrom"
version = "0.1.8"
source = "registry+https://github.com/rust-lang/crates.io-index"
checksum = "0ec05a11813ea801ff6d75110ad09cd0824ddba17dfe17128ea0d5f68e6c5272"
dependencies = [
 "zerofrom-derive",
]

[[package]]
name = "zerofrom-derive"
version = "0.1.7"
source = "registry+https://github.com/rust-lang/crates.io-index"
checksum = "11532158c46691caf0f2593ea8358fed6bbf68a0315e80aae9bd41fbade684a1"
dependencies = [
 "proc-macro2",
 "quote",
 "syn",
 "synstructure",
]

[[package]]
name = "zerotrie"
version = "0.2.4"
source = "registry+https://github.com/rust-lang/crates.io-index"
checksum = "0f9152d31db0792fa83f70fb2f83148effb5c1f5b8c7686c3459e361d9bc20bf"
dependencies = [
 "displaydoc",
 "yoke",
 "zerofrom",
]

[[package]]
name = "zerovec"
version = "0.11.6"
source = "registry+https://github.com/rust-lang/crates.io-index"
checksum = "90f911cbc359ab6af17377d242225f4d75119aec87ea711a880987b18cd7b239"
dependencies = [
 "yoke",
 "zerofrom",
 "zerovec-derive",
]

[[package]]
name = "zerovec-derive"
version = "0.11.3"
source = "registry+https://github.com/rust-lang/crates.io-index"
checksum = "625dc425cab0dca6dc3c3319506e6593dcb08a9f387ea3b284dbd52a92c40555"
dependencies = [
 "proc-macro2",
 "quote",
 "syn",
]

[[package]]
name = "zmij"
version = "1.0.21"
source = "registry+https://github.com/rust-lang/crates.io-index"
checksum = "b8848ee67ecc8aedbaf3e4122217aff892639231befc6a1b58d29fff4c2cabaa"
